
Microsoft Visual Studio Solution File, Format Version 12.00
# Visual Studio Version 16
VisualStudioVersion = 16.0.30104.148
MinimumVisualStudioVersion = 10.0.40219.1
Project("{FAE04EC0-301F-11D3-BF4B-00C04F79EFBC}") = "LAMPv2", "LAMPv2\LAMPv2.csproj", "{D2832CD4-42F2-4995-9726-C69B28EA5574}"
EndProject
Global
	GlobalSection(SolutionConfigurationPlatforms) = preSolution
		Debug|Any CPU = Debug|Any CPU
		Release|Any CPU = Release|Any CPU
	EndGlobalSection
	GlobalSection(ProjectConfigurationPlatforms) = postSolution
		{D2832CD4-42F2-4995-9726-C69B28EA5574}.Debug|Any CPU.ActiveCfg = Debug|Any CPU
		{D2832CD4-42F2-4995-9726-C69B28EA5574}.Debug|Any CPU.Build.0 = Debug|Any CPU
		{D2832CD4-42F2-4995-9726-C69B28EA5574}.Release|Any CPU.ActiveCfg = Release|Any CPU
		{D2832CD4-42F2-4995-9726-C69B28EA5574}.Release|Any CPU.Build.0 = Release|Any CPU
	EndGlobalSection
	GlobalSection(SolutionProperties) = preSolution
		HideSolutionNode = FALSE
	EndGlobalSection
	GlobalSection(ExtensibilityGlobals) = postSolution
		SolutionGuid = {A87285AB-31D3-43B8-8B5E-9522AA51F637}
	EndGlobalSection
EndGlobal
